
Microsoft Visual Studio Solution File, Format Version 12.00
# Visual Studio Version 17
VisualStudioVersion = 17.0.32112.339
MinimumVisualStudioVersion = 10.0.40219.1
Project("{9A19103F-16F7-4668-BE54-9A1E7A4F7556}") = "CMakeFileWatcher.Cli", "src\CMakeFileWatcher.Cli\CMakeFileWatcher.Cli.csproj", "{2032ED69-7779-43AB-935C-A057F751895A}"
EndProject
Global
	GlobalSection(SolutionConfigurationPlatforms) = preSolution
		Debug|Any CPU = Debug|Any CPU
		Release|Any CPU = Release|Any CPU
	EndGlobalSection
	GlobalSection(ProjectConfigurationPlatforms) = postSolution
		{2032ED69-7779-43AB-935C-A057F751895A}.Debug|Any CPU.ActiveCfg = Debug|Any CPU
		{2032ED69-7779-43AB-935C-A057F751895A}.Debug|Any CPU.Build.0 = Debug|Any CPU
		{2032ED69-7779-43AB-935C-A057F751895A}.Release|Any CPU.ActiveCfg = Release|Any CPU
		{2032ED69-7779-43AB-935C-A057F751895A}.Release|Any CPU.Build.0 = Release|Any CPU
	EndGlobalSection
	GlobalSection(SolutionProperties) = preSolution
		HideSolutionNode = FALSE
	EndGlobalSection
	GlobalSection(ExtensibilityGlobals) = postSolution
		SolutionGuid = {EB3D1E9E-9CE5-4593-82A7-76128A766377}
	EndGlobalSection
EndGlobal
